
Microsoft Visual Studio Solution File, Format Version 12.00
# Visual Studio Version 17
VisualStudioVersion = 17.9.34607.119
MinimumVisualStudioVersion = 10.0.40219.1
Project("{FAE04EC0-301F-11D3-BF4B-00C04F79EFBC}") = "ST10357451_CLDV6211_POE_Part1", "ST10357451_CLDV6211_POE_Part1.csproj", "{2EE8173C-4CF2-472D-AAE6-41878B1E09D3}"
EndProject
Global
	GlobalSection(SolutionConfigurationPlatforms) = preSolution
		Debug|Any CPU = Debug|Any CPU
		Release|Any CPU = Release|Any CPU
	EndGlobalSection
	GlobalSection(ProjectConfigurationPlatforms) = postSolution
		{2EE8173C-4CF2-472D-AAE6-41878B1E09D3}.Debug|Any CPU.ActiveCfg = Debug|Any CPU
		{2EE8173C-4CF2-472D-AAE6-41878B1E09D3}.Debug|Any CPU.Build.0 = Debug|Any CPU
		{2EE8173C-4CF2-472D-AAE6-41878B1E09D3}.Release|Any CPU.ActiveCfg = Release|Any CPU
		{2EE8173C-4CF2-472D-AAE6-41878B1E09D3}.Release|Any CPU.Build.0 = Release|Any CPU
	EndGlobalSection
	GlobalSection(SolutionProperties) = preSolution
		HideSolutionNode = FALSE
	EndGlobalSection
	GlobalSection(ExtensibilityGlobals) = postSolution
		SolutionGuid = {3E920B90-B607-48ED-8554-94D75FE77109}
	EndGlobalSection
EndGlobal
